// !$*UTF8*$!
{
	archiveVersion = 1;
	classes = {
	};
	objectVersion = 50;
	objects = {

/* Begin PBXBuildFile section */
		8D1A5D0920EC7E390065BE26 /* AppDelegate.swift in Sources */ = {isa = PBXBuildFile; fileRef = 8D1A5D0820EC7E390065BE26 /* AppDelegate.swift */; };
		8D1A5D0B20EC7E390065BE26 /* ViewController.swift in Sources */ = {isa = PBXBuildFile; fileRef = 8D1A5D0A20EC7E390065BE26 /* ViewController.swift */; };
		8D1A5D0E20EC7E390065BE26 /* Main.storyboard in Resources */ = {isa = PBXBuildFile; fileRef = 8D1A5D0C20EC7E390065BE26 /* Main.storyboard */; };
		8D1A5D1020EC7E3A0065BE26 /* Assets.xcassets in Resources */ = {isa = PBXBuildFile; fileRef = 8D1A5D0F20EC7E3A0065BE26 /* Assets.xcassets */; };
		8D1A5D1320EC7E3A0065BE26 /* LaunchScreen.storyboard in Resources */ = {isa = PBXBuildFile; fileRef = 8D1A5D1120EC7E3A0065BE26 /* LaunchScreen.storyboard */; };
		8D1A5D1B20EC86650065BE26 /* URLConstants.swift in Sources */ = {isa = PBXBuildFile; fileRef = 8D1A5D1A20EC86650065BE26 /* URLConstants.swift */; };
		8D24C5992107332E003EFB4B /* MacawRemoteSVGCell.swift in Sources */ = {isa = PBXBuildFile; fileRef = 8D24C5972107332E003EFB4B /* MacawRemoteSVGCell.swift */; };
		8D24C59A2107332E003EFB4B /* MacawRemoteSVGCell.xib in Resources */ = {isa = PBXBuildFile; fileRef = 8D24C5982107332E003EFB4B /* MacawRemoteSVGCell.xib */; };
		8D75D6C420ECBCD6005DE280 /* insurance.svg in Resources */ = {isa = PBXBuildFile; fileRef = 8D75D6C320ECBCD6005DE280 /* insurance.svg */; };
		8D75D6CF20ECBD81005DE280 /* Macaw.framework in Frameworks */ = {isa = PBXBuildFile; fileRef = 8D75D6C720ECBD65005DE280 /* Macaw.framework */; };
		8D75D6D020ECBD81005DE280 /* Macaw.framework in Embed Frameworks */ = {isa = PBXBuildFile; fileRef = 8D75D6C720ECBD65005DE280 /* Macaw.framework */; settings = {ATTRIBUTES = (CodeSignOnCopy, RemoveHeadersOnCopy, ); }; };
		8D75D6D120ECBD81005DE280 /* SwiftSVG.framework in Frameworks */ = {isa = PBXBuildFile; fileRef = 8D75D6C620ECBD65005DE280 /* SwiftSVG.framework */; };
		8D75D6D220ECBD81005DE280 /* SwiftSVG.framework in Embed Frameworks */ = {isa = PBXBuildFile; fileRef = 8D75D6C620ECBD65005DE280 /* SwiftSVG.framework */; settings = {ATTRIBUTES = (CodeSignOnCopy, RemoveHeadersOnCopy, ); }; };
		8DF2386520EDC39800B6958C /* MacawSVGCell.swift in Sources */ = {isa = PBXBuildFile; fileRef = 8DF2386320EDC39800B6958C /* MacawSVGCell.swift */; };
		8DF2386620EDC39800B6958C /* MacawSVGCell.xib in Resources */ = {isa = PBXBuildFile; fileRef = 8DF2386420EDC39800B6958C /* MacawSVGCell.xib */; };
		8DF2386920EDC5B900B6958C /* SwiftSVGCell.swift in Sources */ = {isa = PBXBuildFile; fileRef = 8DF2386720EDC5B900B6958C /* SwiftSVGCell.swift */; };
		8DF2386A20EDC5B900B6958C /* SwiftSVGCell.xib in Resources */ = {isa = PBXBuildFile; fileRef = 8DF2386820EDC5B900B6958C /* SwiftSVGCell.xib */; };
/* End PBXBuildFile section */

/* Begin PBXCopyFilesBuildPhase section */
		8D75D6D320ECBD81005DE280 /* Embed Frameworks */ = {
			isa = PBXCopyFilesBuildPhase;
			buildActionMask = 2147483647;
			dstPath = "";
			dstSubfolderSpec = 10;
			files = (
				8D75D6D020ECBD81005DE280 /* Macaw.framework in Embed Frameworks */,
				8D75D6D220ECBD81005DE280 /* SwiftSVG.framework in Embed Frameworks */,
			);
			name = "Embed Frameworks";
			runOnlyForDeploymentPostprocessing = 0;
		};
/* End PBXCopyFilesBuildPhase section */

/* Begin PBXFileReference section */
		8D1A5D0520EC7E390065BE26 /* SVGPlayground.app */ = {isa = PBXFileReference; explicitFileType = wrapper.application; includeInIndex = 0; path = SVGPlayground.app; sourceTree = BUILT_PRODUCTS_DIR; };
		8D1A5D0820EC7E390065BE26 /* AppDelegate.swift */ = {isa = PBXFileReference; lastKnownFileType = sourcecode.swift; path = AppDelegate.swift; sourceTree = "<group>"; };
		8D1A5D0A20EC7E390065BE26 /* ViewController.swift */ = {isa = PBXFileReference; lastKnownFileType = sourcecode.swift; path = ViewController.swift; sourceTree = "<group>"; };
		8D1A5D0D20EC7E390065BE26 /* Base */ = {isa = PBXFileReference; lastKnownFileType = file.storyboard; name = Base; path = Base.lproj/Main.storyboard; sourceTree = "<group>"; };
		8D1A5D0F20EC7E3A0065BE26 /* Assets.xcassets */ = {isa = PBXFileReference; lastKnownFileType = folder.assetcatalog; path = Assets.xcassets; sourceTree = "<group>"; };
		8D1A5D1220EC7E3A0065BE26 /* Base */ = {isa = PBXFileReference; lastKnownFileType = file.storyboard; name = Base; path = Base.lproj/LaunchScreen.storyboard; sourceTree = "<group>"; };
		8D1A5D1420EC7E3A0065BE26 /* Info.plist */ = {isa = PBXFileReference; lastKnownFileType = text.plist.xml; path = Info.plist; sourceTree = "<group>"; };
		8D1A5D1A20EC86650065BE26 /* URLConstants.swift */ = {isa = PBXFileReference; lastKnownFileType = sourcecode.swift; path = URLConstants.swift; sourceTree = "<group>"; };
		8D24C5972107332E003EFB4B /* MacawRemoteSVGCell.swift */ = {isa = PBXFileReference; lastKnownFileType = sourcecode.swift; path = MacawRemoteSVGCell.swift; sourceTree = "<group>"; };
		8D24C5982107332E003EFB4B /* MacawRemoteSVGCell.xib */ = {isa = PBXFileReference; lastKnownFileType = file.xib; path = MacawRemoteSVGCell.xib; sourceTree = "<group>"; };
		8D75D6C320ECBCD6005DE280 /* insurance.svg */ = {isa = PBXFileReference; fileEncoding = 4; lastKnownFileType = text; path = insurance.svg; sourceTree = "<group>"; };
		8D75D6C620ECBD65005DE280 /* SwiftSVG.framework */ = {isa = PBXFileReference; lastKnownFileType = wrapper.framework; name = SwiftSVG.framework; path = Carthage/Build/iOS/SwiftSVG.framework; sourceTree = "<group>"; };
		8D75D6C720ECBD65005DE280 /* Macaw.framework */ = {isa = PBXFileReference; lastKnownFileType = wrapper.framework; name = Macaw.framework; path = Carthage/Build/iOS/Macaw.framework; sourceTree = "<group>"; };
		8DF2386320EDC39800B6958C /* MacawSVGCell.swift */ = {isa = PBXFileReference; lastKnownFileType = sourcecode.swift; path = MacawSVGCell.swift; sourceTree = "<group>"; };
		8DF2386420EDC39800B6958C /* MacawSVGCell.xib */ = {isa = PBXFileReference; lastKnownFileType = file.xib; path = MacawSVGCell.xib; sourceTree = "<group>"; };
		8DF2386720EDC5B900B6958C /* SwiftSVGCell.swift */ = {isa = PBXFileReference; lastKnownFileType = sourcecode.swift; path = SwiftSVGCell.swift; sourceTree = "<group>"; };
		8DF2386820EDC5B900B6958C /* SwiftSVGCell.xib */ = {isa = PBXFileReference; lastKnownFileType = file.xib; path = SwiftSVGCell.xib; sourceTree = "<group>"; };
/* End PBXFileReference section */

/* Begin PBXFrameworksBuildPhase section */
		8D1A5D0220EC7E390065BE26 /* Frameworks */ = {
			isa = PBXFrameworksBuildPhase;
			buildActionMask = 2147483647;
			files = (
				8D75D6CF20ECBD81005DE280 /* Macaw.framework in Frameworks */,
				8D75D6D120ECBD81005DE280 /* SwiftSVG.framework in Frameworks */,
			);
			runOnlyForDeploymentPostprocessing = 0;
		};
/* End PBXFrameworksBuildPhase section */

/* Begin PBXGroup section */
		8D1A5CFC20EC7E390065BE26 = {
			isa = PBXGroup;
			children = (
				8D1A5D0720EC7E390065BE26 /* SVGPlayground */,
				8D1A5D0620EC7E390065BE26 /* Products */,
				8D75D6C520ECBD4D005DE280 /* Carthage Frameworks */,
			);
			sourceTree = "<group>";
		};
		8D1A5D0620EC7E390065BE26 /* Products */ = {
			isa = PBXGroup;
			children = (
				8D1A5D0520EC7E390065BE26 /* SVGPlayground.app */,
			);
			name = Products;
			sourceTree = "<group>";
		};
		8D1A5D0720EC7E390065BE26 /* SVGPlayground */ = {
			isa = PBXGroup;
			children = (
				8DF2386220EDC36300B6958C /* TableViewCells */,
				8D75D6C220ECBC09005DE280 /* Resources */,
				8D1A5D0820EC7E390065BE26 /* AppDelegate.swift */,
				8D1A5D0A20EC7E390065BE26 /* ViewController.swift */,
				8D1A5D0C20EC7E390065BE26 /* Main.storyboard */,
				8D1A5D1120EC7E3A0065BE26 /* LaunchScreen.storyboard */,
				8D1A5D1A20EC86650065BE26 /* URLConstants.swift */,
			);
			path = SVGPlayground;
			sourceTree = "<group>";
		};
		8D75D6C220ECBC09005DE280 /* Resources */ = {
			isa = PBXGroup;
			children = (
				8D75D6C320ECBCD6005DE280 /* insurance.svg */,
				8D1A5D1420EC7E3A0065BE26 /* Info.plist */,
				8D1A5D0F20EC7E3A0065BE26 /* Assets.xcassets */,
			);
			path = Resources;
			sourceTree = "<group>";
		};
		8D75D6C520ECBD4D005DE280 /* Carthage Frameworks */ = {
			isa = PBXGroup;
			children = (
				8D75D6C720ECBD65005DE280 /* Macaw.framework */,
				8D75D6C620ECBD65005DE280 /* SwiftSVG.framework */,
			);
			name = "Carthage Frameworks";
			sourceTree = "<group>";
		};
		8DF2386220EDC36300B6958C /* TableViewCells */ = {
			isa = PBXGroup;
			children = (
				8DF2386320EDC39800B6958C /* MacawSVGCell.swift */,
				8DF2386420EDC39800B6958C /* MacawSVGCell.xib */,
				8DF2386720EDC5B900B6958C /* SwiftSVGCell.swift */,
				8DF2386820EDC5B900B6958C /* SwiftSVGCell.xib */,
				8D24C5972107332E003EFB4B /* MacawRemoteSVGCell.swift */,
				8D24C5982107332E003EFB4B /* MacawRemoteSVGCell.xib */,
			);
			path = TableViewCells;
			sourceTree = "<group>";
		};
/* End PBXGroup section */

/* Begin PBXNativeTarget section */
		8D1A5D0420EC7E390065BE26 /* SVGPlayground */ = {
			isa = PBXNativeTarget;
			buildConfigurationList = 8D1A5D1720EC7E3A0065BE26 /* Build configuration list for PBXNativeTarget "SVGPlayground" */;
			buildPhases = (
				8D1A5D0120EC7E390065BE26 /* Sources */,
				8D1A5D0220EC7E390065BE26 /* Frameworks */,
				8D1A5D0320EC7E390065BE26 /* Resources */,
				8D75D6D320ECBD81005DE280 /* Embed Frameworks */,
			);
			buildRules = (
			);
			dependencies = (
			);
			name = SVGPlayground;
			productName = SVGPlayground;
			productReference = 8D1A5D0520EC7E390065BE26 /* SVGPlayground.app */;
			productType = "com.apple.product-type.application";
		};
/* End PBXNativeTarget section */

/* Begin PBXProject section */
		8D1A5CFD20EC7E390065BE26 /* Project object */ = {
			isa = PBXProject;
			attributes = {
				LastSwiftUpdateCheck = 0940;
				LastUpgradeCheck = 0940;
				ORGANIZATIONNAME = "Ricardo Pramana Suranta";
				TargetAttributes = {
					8D1A5D0420EC7E390065BE26 = {
						CreatedOnToolsVersion = 9.4.1;
					};
				};
			};
			buildConfigurationList = 8D1A5D0020EC7E390065BE26 /* Build configuration list for PBXProject "SVGPlayground" */;
			compatibilityVersion = "Xcode 9.3";
			developmentRegion = en;
			hasScannedForEncodings = 0;
			knownRegions = (
				en,
				Base,
			);
			mainGroup = 8D1A5CFC20EC7E390065BE26;
			productRefGroup = 8D1A5D0620EC7E390065BE26 /* Products */;
			projectDirPath = "";
			projectRoot = "";
			targets = (
				8D1A5D0420EC7E390065BE26 /* SVGPlayground */,
			);
		};
/* End PBXProject section */

/* Begin PBXResourcesBuildPhase section */
		8D1A5D0320EC7E390065BE26 /* Resources */ = {
			isa = PBXResourcesBuildPhase;
			buildActionMask = 2147483647;
			files = (
				8DF2386A20EDC5B900B6958C /* SwiftSVGCell.xib in Resources */,
				8D1A5D1320EC7E3A0065BE26 /* LaunchScreen.storyboard in Resources */,
				8D24C59A2107332E003EFB4B /* MacawRemoteSVGCell.xib in Resources */,
				8D1A5D1020EC7E3A0065BE26 /* Assets.xcassets in Resources */,
				8D1A5D0E20EC7E390065BE26 /* Main.storyboard in Resources */,
				8D75D6C420ECBCD6005DE280 /* insurance.svg in Resources */,
				8DF2386620EDC39800B6958C /* MacawSVGCell.xib in Resources */,
			);
			runOnlyForDeploymentPostprocessing = 0;
		};
/* End PBXResourcesBuildPhase section */

/* Begin PBXSourcesBuildPhase section */
		8D1A5D0120EC7E390065BE26 /* Sources */ = {
			isa = PBXSourcesBuildPhase;
			buildActionMask = 2147483647;
			files = (
				8D1A5D1B20EC86650065BE26 /* URLConstants.swift in Sources */,
				8D1A5D0B20EC7E390065BE26 /* ViewController.swift in Sources */,
				8DF2386520EDC39800B6958C /* MacawSVGCell.swift in Sources */,
				8D1A5D0920EC7E390065BE26 /* AppDelegate.swift in Sources */,
				8D24C5992107332E003EFB4B /* MacawRemoteSVGCell.swift in Sources */,
				8DF2386920EDC5B900B6958C /* SwiftSVGCell.swift in Sources */,
			);
			runOnlyForDeploymentPostprocessing = 0;
		};
/* End PBXSourcesBuildPhase section */

/* Begin PBXVariantGroup section */
		8D1A5D0C20EC7E390065BE26 /* Main.storyboard */ = {
			isa = PBXVariantGroup;
			children = (
				8D1A5D0D20EC7E390065BE26 /* Base */,
			);
			name = Main.storyboard;
			sourceTree = "<group>";
		};
		8D1A5D1120EC7E3A0065BE26 /* LaunchScreen.storyboard */ = {
			isa = PBXVariantGroup;
			children = (
				8D1A5D1220EC7E3A0065BE26 /* Base */,
			);
			name = LaunchScreen.storyboard;
			sourceTree = "<group>";
		};
/* End PBXVariantGroup section */

/* Begin XCBuildConfiguration section */
		8D1A5D1520EC7E3A0065BE26 /* Debug */ = {
			isa = XCBuildConfiguration;
			buildSettings = {
				ALWAYS_SEARCH_USER_PATHS = NO;
				CLANG_ANALYZER_NONNULL = YES;
				CLANG_ANALYZER_NUMBER_OBJECT_CONVERSION = YES_AGGRESSIVE;
				CLANG_CXX_LANGUAGE_STANDARD = "gnu++14";
				CLANG_CXX_LIBRARY = "libc++";
				CLANG_ENABLE_MODULES = YES;
				CLANG_ENABLE_OBJC_ARC = YES;
				CLANG_ENABLE_OBJC_WEAK = YES;
				CLANG_WARN_BLOCK_CAPTURE_AUTORELEASING = YES;
				CLANG_WARN_BOOL_CONVERSION = YES;
				CLANG_WARN_COMMA = YES;
				CLANG_WARN_CONSTANT_CONVERSION = YES;
				CLANG_WARN_DEPRECATED_OBJC_IMPLEMENTATIONS = YES;
				CLANG_WARN_DIRECT_OBJC_ISA_USAGE = YES_ERROR;
				CLANG_WARN_DOCUMENTATION_COMMENTS = YES;
				CLANG_WARN_EMPTY_BODY = YES;
				CLANG_WARN_ENUM_CONVERSION = YES;
				CLANG_WARN_INFINITE_RECURSION = YES;
				CLANG_WARN_INT_CONVERSION = YES;
				CLANG_WARN_NON_LITERAL_NULL_CONVERSION = YES;
				CLANG_WARN_OBJC_IMPLICIT_RETAIN_SELF = YES;
				CLANG_WARN_OBJC_LITERAL_CONVERSION = YES;
				CLANG_WARN_OBJC_ROOT_CLASS = YES_ERROR;
				CLANG_WARN_RANGE_LOOP_ANALYSIS = YES;
				CLANG_WARN_STRICT_PROTOTYPES = YES;
				CLANG_WARN_SUSPICIOUS_MOVE = YES;
				CLANG_WARN_UNGUARDED_AVAILABILITY = YES_AGGRESSIVE;
				CLANG_WARN_UNREACHABLE_CODE = YES;
				CLANG_WARN__DUPLICATE_METHOD_MATCH = YES;
				CODE_SIGN_IDENTITY = "iPhone Developer";
				COPY_PHASE_STRIP = NO;
				DEBUG_INFORMATION_FORMAT = dwarf;
				ENABLE_STRICT_OBJC_MSGSEND = YES;
				ENABLE_TESTABILITY = YES;
				GCC_C_LANGUAGE_STANDARD = gnu11;
				GCC_DYNAMIC_NO_PIC = NO;
				GCC_NO_COMMON_BLOCKS = YES;
				GCC_OPTIMIZATION_LEVEL = 0;
				GCC_PREPROCESSOR_DEFINITIONS = (
					"DEBUG=1",
					"$(inherited)",
				);
				GCC_WARN_64_TO_32_BIT_CONVERSION = YES;
				GCC_WARN_ABOUT_RETURN_TYPE = YES_ERROR;
				GCC_WARN_UNDECLARED_SELECTOR = YES;
				GCC_WARN_UNINITIALIZED_AUTOS = YES_AGGRESSIVE;
				GCC_WARN_UNUSED_FUNCTION = YES;
				GCC_WARN_UNUSED_VARIABLE = YES;
				IPHONEOS_DEPLOYMENT_TARGET = 11.4;
				MTL_ENABLE_DEBUG_INFO = YES;
				ONLY_ACTIVE_ARCH = YES;
				SDKROOT = iphoneos;
				SWIFT_ACTIVE_COMPILATION_CONDITIONS = DEBUG;
				SWIFT_OPTIMIZATION_LEVEL = "-Onone";
			};
			name = Debug;
		};
		8D1A5D1620EC7E3A0065BE26 /* Release */ = {
			isa = XCBuildConfiguration;
			buildSettings = {
				ALWAYS_SEARCH_USER_PATHS = NO;
				CLANG_ANALYZER_NONNULL = YES;
				CLANG_ANALYZER_NUMBER_OBJECT_CONVERSION = YES_AGGRESSIVE;
				CLANG_CXX_LANGUAGE_STANDARD = "gnu++14";
				CLANG_CXX_LIBRARY = "libc++";
				CLANG_ENABLE_MODULES = YES;
				CLANG_ENABLE_OBJC_ARC = YES;
				CLANG_ENABLE_OBJC_WEAK = YES;
				CLANG_WARN_BLOCK_CAPTURE_AUTORELEASING = YES;
				CLANG_WARN_BOOL_CONVERSION = YES;
				CLANG_WARN_COMMA = YES;
				CLANG_WARN_CONSTANT_CONVERSION = YES;
				CLANG_WARN_DEPRECATED_OBJC_IMPLEMENTATIONS = YES;
				CLANG_WARN_DIRECT_OBJC_ISA_USAGE = YES_ERROR;
				CLANG_WARN_DOCUMENTATION_COMMENTS = YES;
				CLANG_WARN_EMPTY_BODY = YES;
				CLANG_WARN_ENUM_CONVERSION = YES;
				CLANG_WARN_INFINITE_RECURSION = YES;
				CLANG_WARN_INT_CONVERSION = YES;
				CLANG_WARN_NON_LITERAL_NULL_CONVERSION = YES;
				CLANG_WARN_OBJC_IMPLICIT_RETAIN_SELF = YES;
				CLANG_WARN_OBJC_LITERAL_CONVERSION = YES;
				CLANG_WARN_OBJC_ROOT_CLASS = YES_ERROR;
				CLANG_WARN_RANGE_LOOP_ANALYSIS = YES;
				CLANG_WARN_STRICT_PROTOTYPES = YES;
				CLANG_WARN_SUSPICIOUS_MOVE = YES;
				CLANG_WARN_UNGUARDED_AVAILABILITY = YES_AGGRESSIVE;
				CLANG_WARN_UNREACHABLE_CODE = YES;
				CLANG_WARN__DUPLICATE_METHOD_MATCH = YES;
				CODE_SIGN_IDENTITY = "iPhone Developer";
				COPY_PHASE_STRIP = NO;
				DEBUG_INFORMATION_FORMAT = "dwarf-with-dsym";
				ENABLE_NS_ASSERTIONS = NO;
				ENABLE_STRICT_OBJC_MSGSEND = YES;
				GCC_C_LANGUAGE_STANDARD = gnu11;
				GCC_NO_COMMON_BLOCKS = YES;
				GCC_WARN_64_TO_32_BIT_CONVERSION = YES;
				GCC_WARN_ABOUT_RETURN_TYPE = YES_ERROR;
				GCC_WARN_UNDECLARED_SELECTOR = YES;
				GCC_WARN_UNINITIALIZED_AUTOS = YES_AGGRESSIVE;
				GCC_WARN_UNUSED_FUNCTION = YES;
				GCC_WARN_UNUSED_VARIABLE = YES;
				IPHONEOS_DEPLOYMENT_TARGET = 11.4;
				MTL_ENABLE_DEBUG_INFO = NO;
				SDKROOT = iphoneos;
				SWIFT_COMPILATION_MODE = wholemodule;
				SWIFT_OPTIMIZATION_LEVEL = "-O";
				VALIDATE_PRODUCT = YES;
			};
			name = Release;
		};
		8D1A5D1820EC7E3A0065BE26 /* Debug */ = {
			isa = XCBuildConfiguration;
			buildSettings = {
				ASSETCATALOG_COMPILER_APPICON_NAME = AppIcon;
				CODE_SIGN_STYLE = Automatic;
				DEVELOPMENT_TEAM = GX458V4RKG;
				FRAMEWORK_SEARCH_PATHS = (
					"$(inherited)",
					"$(PROJECT_DIR)/Carthage/Build/iOS",
				);
				INFOPLIST_FILE = SVGPlayground/Resources/Info.plist;
				LD_RUNPATH_SEARCH_PATHS = (
					"$(inherited)",
					"@executable_path/Frameworks",
				);
				PRODUCT_BUNDLE_IDENTIFIER = net.edopelawi.SVGPlayground;
				PRODUCT_NAME = "$(TARGET_NAME)";
				SWIFT_VERSION = 4.0;
				TARGETED_DEVICE_FAMILY = "1,2";
			};
			name = Debug;
		};
		8D1A5D1920EC7E3A0065BE26 /* Release */ = {
			isa = XCBuildConfiguration;
			buildSettings = {
				ASSETCATALOG_COMPILER_APPICON_NAME = AppIcon;
				CODE_SIGN_STYLE = Automatic;
				DEVELOPMENT_TEAM = GX458V4RKG;
				FRAMEWORK_SEARCH_PATHS = (
					"$(inherited)",
					"$(PROJECT_DIR)/Carthage/Build/iOS",
				);
				INFOPLIST_FILE = SVGPlayground/Resources/Info.plist;
				LD_RUNPATH_SEARCH_PATHS = (
					"$(inherited)",
					"@executable_path/Frameworks",
				);
				PRODUCT_BUNDLE_IDENTIFIER = net.edopelawi.SVGPlayground;
				PRODUCT_NAME = "$(TARGET_NAME)";
				SWIFT_VERSION = 4.0;
				TARGETED_DEVICE_FAMILY = "1,2";
			};
			name = Release;
		};
/* End XCBuildConfiguration section */

/* Begin XCConfigurationList section */
		8D1A5D0020EC7E390065BE26 /* Build configuration list for PBXProject "SVGPlayground" */ = {
			isa = XCConfigurationList;
			buildConfigurations = (
				8D1A5D1520EC7E3A0065BE26 /* Debug */,
				8D1A5D1620EC7E3A0065BE26 /* Release */,
			);
			defaultConfigurationIsVisible = 0;
			defaultConfigurationName = Release;
		};
		8D1A5D1720EC7E3A0065BE26 /* Build configuration list for PBXNativeTarget "SVGPlayground" */ = {
			isa = XCConfigurationList;
			buildConfigurations = (
				8D1A5D1820EC7E3A0065BE26 /* Debug */,
				8D1A5D1920EC7E3A0065BE26 /* Release */,
			);
			defaultConfigurationIsVisible = 0;
			defaultConfigurationName = Release;
		};
/* End XCConfigurationList section */
	};
	rootObject = 8D1A5CFD20EC7E390065BE26 /* Project object */;
}
